
Microsoft Visual Studio Solution File, Format Version 12.00
# Visual Studio 15
VisualStudioVersion = 15.0.27703.2035
MinimumVisualStudioVersion = 10.0.40219.1
Project("{FAE04EC0-301F-11D3-BF4B-00C04F79EFBC}") = "ContactInformationApi", "ContactInformationApi\ContactInformationApi.csproj", "{A1869E0C-7FA9-47EC-85BC-44FBB3B78688}"
EndProject
Project("{FAE04EC0-301F-11D3-BF4B-00C04F79EFBC}") = "ContactInformationLibrary", "ContactInformationLibrary\ContactInformationLibrary.csproj", "{B9E609F6-91A6-4607-B09E-0CC786E6FBCE}"
EndProject
Global
	GlobalSection(SolutionConfigurationPlatforms) = preSolution
		Debug|Any CPU = Debug|Any CPU
		Release|Any CPU = Release|Any CPU
	EndGlobalSection
	GlobalSection(ProjectConfigurationPlatforms) = postSolution
		{A1869E0C-7FA9-47EC-85BC-44FBB3B78688}.Debug|Any CPU.ActiveCfg = Debug|Any CPU
		{A1869E0C-7FA9-47EC-85BC-44FBB3B78688}.Debug|Any CPU.Build.0 = Debug|Any CPU
		{A1869E0C-7FA9-47EC-85BC-44FBB3B78688}.Release|Any CPU.ActiveCfg = Release|Any CPU
		{A1869E0C-7FA9-47EC-85BC-44FBB3B78688}.Release|Any CPU.Build.0 = Release|Any CPU
		{B9E609F6-91A6-4607-B09E-0CC786E6FBCE}.Debug|Any CPU.ActiveCfg = Debug|Any CPU
		{B9E609F6-91A6-4607-B09E-0CC786E6FBCE}.Debug|Any CPU.Build.0 = Debug|Any CPU
		{B9E609F6-91A6-4607-B09E-0CC786E6FBCE}.Release|Any CPU.ActiveCfg = Release|Any CPU
		{B9E609F6-91A6-4607-B09E-0CC786E6FBCE}.Release|Any CPU.Build.0 = Release|Any CPU
	EndGlobalSection
	GlobalSection(SolutionProperties) = preSolution
		HideSolutionNode = FALSE
	EndGlobalSection
	GlobalSection(ExtensibilityGlobals) = postSolution
		SolutionGuid = {775144F0-0A8C-416C-8C9C-1CDF05B042C6}
	EndGlobalSection
EndGlobal
